{
  "nodes": {
    "flake-utils": {
      "inputs": {
        "systems": "systems"
      },
      "locked": {
        "lastModified": 1731533236,
        "narHash": "sha256-l0KFg5HjrsfsO/JpG+r7fRrqm12kzFHyUHqHCVpMMbI=",
        "owner": "numtide",
        "repo": "flake-utils",
        "rev": "11707dc2f618dd54ca8739b309ec4fc024de578b",
        "type": "github"
      },
      "original": {
        "owner": "numtide",
        "repo": "flake-utils",
        "type": "github"
      }
    },
    "nixology": {
      "inputs": {
        "nixpkgs": "nixpkgs",
        "sops-nix": "sops-nix",
        "website": "website"
      },
      "locked": {
        "lastModified": 1790359147,
        "narHash": "sha256-Q/Az6PdA6T/UfKuUznmXF5gBY56KDy0v8EFBMAvQ7pk=",
        "ref": "refs/heads/main",
        "rev": "128ac3f2f0791333a616524e4f303b24eb03c468",
        "revCount": 183,
        "type": "git",
        "url": "ssh://git@forgejo.lan:2222/dan/nixology.git"
      },
      "original": {
        "type": "git",
        "url": "ssh://git@forgejo.lan:2222/dan/nixology.git"
      }
    },
    "nixpkgs": {
      "locked": {
        "lastModified": 1789785513,
        "narHash": "sha256-B44WL6h0XoLjJ41bUPJk0X5SDinLCII//6EcBLXKiJ0=",
        "owner": "NixOS",
        "repo": "nixpkgs",
        "rev": "20b1ddd1aa5ace70c9468305030aa4f9ef79671b",
        "type": "github"
      },
      "original": {
        "owner": "NixOS",
        "ref": "nixos-unstable",
        "repo": "nixpkgs",
        "type": "github"
      }
    },
    "nixpkgs_2": {
      "locked": {
        "lastModified": 1780749050,
        "narHash": "sha256-3av0pIjlOWQ6rDbNOmpUSvbNnJkGORQKKjb4LtCZsIY=",
        "owner": "NixOS",
        "repo": "nixpkgs",
        "rev": "a799d3e3886da994fa307f817a6bc705ae538eeb",
        "type": "github"
      },
      "original": {
        "owner": "NixOS",
        "ref": "nixos-unstable",
        "repo": "nixpkgs",
        "type": "github"
      }
    },
    "root": {
      "inputs": {
        "nixology": "nixology",
        "nixpkgs": "nixpkgs_2"
      }
    },
    "sops-nix": {
      "inputs": {
        "nixpkgs": [
          "nixology",
          "nixpkgs"
        ]
      },
      "locked": {
        "lastModified": 1789815532,
        "narHash": "sha256-/Ql9UE21iDwOU/JdPV20yZtaMpGf+iD2EhIA1aAi540=",
        "owner": "Mic92",
        "repo": "sops-nix",
        "rev": "166fc0d3f4fcd0dfc9af102ba8e85fa5dd04e5f7",
        "type": "github"
      },
      "original": {
        "owner": "Mic92",
        "repo": "sops-nix",
        "type": "github"
      }
    },
    "systems": {
      "locked": {
        "lastModified": 1681028828,
        "narHash": "sha256-Vy1rq5AaRuLzOxct8nz4T6wlgyUR7zLU309k9mBC768=",
        "owner": "nix-systems",
        "repo": "default",
        "rev": "da67096a3b9bf56a91d16901293e51ba5b49a27e",
        "type": "github"
      },
      "original": {
        "owner": "nix-systems",
        "repo": "default",
        "type": "github"
      }
    },
    "website": {
      "inputs": {
        "flake-utils": "flake-utils",
        "nixpkgs": [
          "nixology",
          "nixpkgs"
        ]
      },
      "locked": {
        "lastModified": 1789890574,
        "narHash": "sha256-uzOWFC+QevicqCHdyV/J1MoUZ0I08JSUQlOFUOpkbgo=",
        "ref": "thestars",
        "rev": "eb48561e55e7b9a9eb164515950aae20f549acc1",
        "revCount": 33,
        "type": "git",
        "url": "ssh://git@github.com/whereiendandyoubegin/website.git"
      },
      "original": {
        "ref": "thestars",
        "type": "git",
        "url": "ssh://git@github.com/whereiendandyoubegin/website.git"
      }
    }
  },
  "root": "root",
  "version": 7
}
